
Microsoft Visual Studio Solution File, Format Version 12.00
# Visual Studio Version 17
VisualStudioVersion = 17.7.34031.279
MinimumVisualStudioVersion = 10.0.40219.1
Project("{9A19103F-16F7-4668-BE54-9A1E7A4F7556}") = "TinyGameServer", "TinyGameServer.csproj", "{E4E1E9A2-7506-4BD5-85F0-F182A2488B04}"
EndProject
Project("{FAE04EC0-301F-11D3-BF4B-00C04F79EFBC}") = "TinyGameServer.Tests", "..\TinyGameServer.Tests\TinyGameServer.Tests.csproj", "{4121AFF4-7EEC-4613-8C57-4D62A292AA57}"
EndProject
Global
	GlobalSection(SolutionConfigurationPlatforms) = preSolution
		Debug|Any CPU = Debug|Any CPU
		Release|Any CPU = Release|Any CPU
	EndGlobalSection
	GlobalSection(ProjectConfigurationPlatforms) = postSolution
		{E4E1E9A2-7506-4BD5-85F0-F182A2488B04}.Debug|Any CPU.ActiveCfg = Debug|Any CPU
		{E4E1E9A2-7506-4BD5-85F0-F182A2488B04}.Debug|Any CPU.Build.0 = Debug|Any CPU
		{E4E1E9A2-7506-4BD5-85F0-F182A2488B04}.Release|Any CPU.ActiveCfg = Release|Any CPU
		{E4E1E9A2-7506-4BD5-85F0-F182A2488B04}.Release|Any CPU.Build.0 = Release|Any CPU
		{4121AFF4-7EEC-4613-8C57-4D62A292AA57}.Debug|Any CPU.ActiveCfg = Debug|Any CPU
		{4121AFF4-7EEC-4613-8C57-4D62A292AA57}.Debug|Any CPU.Build.0 = Debug|Any CPU
		{4121AFF4-7EEC-4613-8C57-4D62A292AA57}.Release|Any CPU.ActiveCfg = Release|Any CPU
		{4121AFF4-7EEC-4613-8C57-4D62A292AA57}.Release|Any CPU.Build.0 = Release|Any CPU
	EndGlobalSection
	GlobalSection(SolutionProperties) = preSolution
		HideSolutionNode = FALSE
	EndGlobalSection
	GlobalSection(ExtensibilityGlobals) = postSolution
		SolutionGuid = {1C821F17-9C50-4238-9A12-03E959734722}
	EndGlobalSection
EndGlobal
